
Microsoft Visual Studio Solution File, Format Version 12.00
# Visual Studio Version 17
VisualStudioVersion = 17.9.34607.119
MinimumVisualStudioVersion = 10.0.40219.1
Project("{FAE04EC0-301F-11D3-BF4B-00C04F79EFBC}") = "singleton", "singleton.csproj", "{9834A3E5-4C26-4D34-B249-12F2A8E4DCF1}"
EndProject
Global
	GlobalSection(SolutionConfigurationPlatforms) = preSolution
		Debug|Any CPU = Debug|Any CPU
		Release|Any CPU = Release|Any CPU
	EndGlobalSection
	GlobalSection(ProjectConfigurationPlatforms) = postSolution
		{9834A3E5-4C26-4D34-B249-12F2A8E4DCF1}.Debug|Any CPU.ActiveCfg = Debug|Any CPU
		{9834A3E5-4C26-4D34-B249-12F2A8E4DCF1}.Debug|Any CPU.Build.0 = Debug|Any CPU
		{9834A3E5-4C26-4D34-B249-12F2A8E4DCF1}.Release|Any CPU.ActiveCfg = Release|Any CPU
		{9834A3E5-4C26-4D34-B249-12F2A8E4DCF1}.Release|Any CPU.Build.0 = Release|Any CPU
	EndGlobalSection
	GlobalSection(SolutionProperties) = preSolution
		HideSolutionNode = FALSE
	EndGlobalSection
	GlobalSection(ExtensibilityGlobals) = postSolution
		SolutionGuid = {55BBFA1D-D0FD-4FA2-AFC4-E8004A708B64}
	EndGlobalSection
EndGlobal
